
Microsoft Visual Studio Solution File, Format Version 12.00
# Visual Studio Version 17
VisualStudioVersion = 17.4.33110.190
MinimumVisualStudioVersion = 10.0.40219.1
Project("{9A19103F-16F7-4668-BE54-9A1E7A4F7556}") = "Domain", "Domain\Domain.csproj", "{A6F7F79A-E0CA-428B-BE0A-1BB991E0EAA6}"
EndProject
Project("{9A19103F-16F7-4668-BE54-9A1E7A4F7556}") = "Infra", "Infra\Infra.csproj", "{AFDD2346-76FF-4281-8E90-ED0825BB89A8}"
EndProject
Project("{2150E333-8FDC-42A3-9474-1A3956D46DE8}") = "Tests", "Tests", "{1BD7FE66-25DF-4379-AB88-7179E943B051}"
EndProject
Project("{9A19103F-16F7-4668-BE54-9A1E7A4F7556}") = "UnitTests", "UnitTests\UnitTests.csproj", "{F12B88E1-B068-474C-B597-A7B4A2C5A713}"
EndProject
Project("{9A19103F-16F7-4668-BE54-9A1E7A4F7556}") = "DataTransferObjects", "DataTransferObjects\DataTransferObjects.csproj", "{9B0EC9A1-E4B6-4104-B345-23B6F4EF64D1}"
EndProject
Project("{9A19103F-16F7-4668-BE54-9A1E7A4F7556}") = "MapperPattern.API", "MapperPattern.API\MapperPattern.API.csproj", "{7BB6E039-0CED-4470-A316-9224F8A4216C}"
EndProject
Project("{9A19103F-16F7-4668-BE54-9A1E7A4F7556}") = "AutoMapper.API", "AutoMapper.API\AutoMapper.API.csproj", "{EB204402-D0FC-491C-9EA6-D3E3C18939BE}"
EndProject
Project("{E53339B2-1760-4266-BCC7-CA923CBCF16C}") = "docker-compose", "docker-compose.dcproj", "{63A434FC-2D61-4354-AF1D-749B69E97CD2}"
EndProject
Project("{FAE04EC0-301F-11D3-BF4B-00C04F79EFBC}") = "AutoMapper.API.Benchmarks", "AutoMapper.API.Benchmarks\AutoMapper.API.Benchmarks.csproj", "{A9CA3A86-740D-4DFD-8BB1-7871BF0AFFBB}"
EndProject
Project("{FAE04EC0-301F-11D3-BF4B-00C04F79EFBC}") = "MapperPattern.API.Benchmarks", "MapperPattern.API.Benchmarks\MapperPattern.API.Benchmarks.csproj", "{9C447964-080F-49B7-860C-D2EF5348377E}"
EndProject
Global
	GlobalSection(SolutionConfigurationPlatforms) = preSolution
		Debug|Any CPU = Debug|Any CPU
		Release|Any CPU = Release|Any CPU
	EndGlobalSection
	GlobalSection(ProjectConfigurationPlatforms) = postSolution
		{A6F7F79A-E0CA-428B-BE0A-1BB991E0EAA6}.Debug|Any CPU.ActiveCfg = Debug|Any CPU
		{A6F7F79A-E0CA-428B-BE0A-1BB991E0EAA6}.Debug|Any CPU.Build.0 = Debug|Any CPU
		{A6F7F79A-E0CA-428B-BE0A-1BB991E0EAA6}.Release|Any CPU.ActiveCfg = Release|Any CPU
		{A6F7F79A-E0CA-428B-BE0A-1BB991E0EAA6}.Release|Any CPU.Build.0 = Release|Any CPU
		{AFDD2346-76FF-4281-8E90-ED0825BB89A8}.Debug|Any CPU.ActiveCfg = Debug|Any CPU
		{AFDD2346-76FF-4281-8E90-ED0825BB89A8}.Debug|Any CPU.Build.0 = Debug|Any CPU
		{AFDD2346-76FF-4281-8E90-ED0825BB89A8}.Release|Any CPU.ActiveCfg = Release|Any CPU
		{AFDD2346-76FF-4281-8E90-ED0825BB89A8}.Release|Any CPU.Build.0 = Release|Any CPU
		{F12B88E1-B068-474C-B597-A7B4A2C5A713}.Debug|Any CPU.ActiveCfg = Debug|Any CPU
		{F12B88E1-B068-474C-B597-A7B4A2C5A713}.Debug|Any CPU.Build.0 = Debug|Any CPU
		{F12B88E1-B068-474C-B597-A7B4A2C5A713}.Release|Any CPU.ActiveCfg = Release|Any CPU
		{F12B88E1-B068-474C-B597-A7B4A2C5A713}.Release|Any CPU.Build.0 = Release|Any CPU
		{9B0EC9A1-E4B6-4104-B345-23B6F4EF64D1}.Debug|Any CPU.ActiveCfg = Debug|Any CPU
		{9B0EC9A1-E4B6-4104-B345-23B6F4EF64D1}.Debug|Any CPU.Build.0 = Debug|Any CPU
		{9B0EC9A1-E4B6-4104-B345-23B6F4EF64D1}.Release|Any CPU.ActiveCfg = Release|Any CPU
		{9B0EC9A1-E4B6-4104-B345-23B6F4EF64D1}.Release|Any CPU.Build.0 = Release|Any CPU
		{7BB6E039-0CED-4470-A316-9224F8A4216C}.Debug|Any CPU.ActiveCfg = Debug|Any CPU
		{7BB6E039-0CED-4470-A316-9224F8A4216C}.Debug|Any CPU.Build.0 = Debug|Any CPU
		{7BB6E039-0CED-4470-A316-9224F8A4216C}.Release|Any CPU.ActiveCfg = Release|Any CPU
		{7BB6E039-0CED-4470-A316-9224F8A4216C}.Release|Any CPU.Build.0 = Release|Any CPU
		{EB204402-D0FC-491C-9EA6-D3E3C18939BE}.Debug|Any CPU.ActiveCfg = Debug|Any CPU
		{EB204402-D0FC-491C-9EA6-D3E3C18939BE}.Debug|Any CPU.Build.0 = Debug|Any CPU
		{EB204402-D0FC-491C-9EA6-D3E3C18939BE}.Release|Any CPU.ActiveCfg = Release|Any CPU
		{EB204402-D0FC-491C-9EA6-D3E3C18939BE}.Release|Any CPU.Build.0 = Release|Any CPU
		{63A434FC-2D61-4354-AF1D-749B69E97CD2}.Debug|Any CPU.ActiveCfg = Debug|Any CPU
		{63A434FC-2D61-4354-AF1D-749B69E97CD2}.Debug|Any CPU.Build.0 = Debug|Any CPU
		{63A434FC-2D61-4354-AF1D-749B69E97CD2}.Release|Any CPU.ActiveCfg = Release|Any CPU
		{63A434FC-2D61-4354-AF1D-749B69E97CD2}.Release|Any CPU.Build.0 = Release|Any CPU
		{A9CA3A86-740D-4DFD-8BB1-7871BF0AFFBB}.Debug|Any CPU.ActiveCfg = Debug|Any CPU
		{A9CA3A86-740D-4DFD-8BB1-7871BF0AFFBB}.Debug|Any CPU.Build.0 = Debug|Any CPU
		{A9CA3A86-740D-4DFD-8BB1-7871BF0AFFBB}.Release|Any CPU.ActiveCfg = Release|Any CPU
		{A9CA3A86-740D-4DFD-8BB1-7871BF0AFFBB}.Release|Any CPU.Build.0 = Release|Any CPU
		{9C447964-080F-49B7-860C-D2EF5348377E}.Debug|Any CPU.ActiveCfg = Debug|Any CPU
		{9C447964-080F-49B7-860C-D2EF5348377E}.Debug|Any CPU.Build.0 = Debug|Any CPU
		{9C447964-080F-49B7-860C-D2EF5348377E}.Release|Any CPU.ActiveCfg = Release|Any CPU
		{9C447964-080F-49B7-860C-D2EF5348377E}.Release|Any CPU.Build.0 = Release|Any CPU
	EndGlobalSection
	GlobalSection(SolutionProperties) = preSolution
		HideSolutionNode = FALSE
	EndGlobalSection
	GlobalSection(NestedProjects) = preSolution
		{F12B88E1-B068-474C-B597-A7B4A2C5A713} = {1BD7FE66-25DF-4379-AB88-7179E943B051}
	EndGlobalSection
	GlobalSection(ExtensibilityGlobals) = postSolution
		SolutionGuid = {55404728-C813-40CC-B207-2E9A9AD5077F}
	EndGlobalSection
EndGlobal
