
Microsoft Visual Studio Solution File, Format Version 12.00
# Visual Studio Version 17
VisualStudioVersion = 17.4.33110.190
MinimumVisualStudioVersion = 10.0.40219.1
Project("{FAE04EC0-301F-11D3-BF4B-00C04F79EFBC}") = "Benchmark", "Benchmark\Benchmark.csproj", "{73977FFA-181B-4DD5-AE5E-3E387D9DF840}"
EndProject
Project("{FAE04EC0-301F-11D3-BF4B-00C04F79EFBC}") = "Automapper", "Automapper\Automapper.csproj", "{DE273411-6293-4973-AD2A-D99F8F95295E}"
EndProject
Project("{FAE04EC0-301F-11D3-BF4B-00C04F79EFBC}") = "MapperPattern", "MapperPattern\MapperPattern.csproj", "{8C26D998-9CEE-44A3-99D2-87C5B851696E}"
EndProject
Project("{FAE04EC0-301F-11D3-BF4B-00C04F79EFBC}") = "Domain", "Domain\Domain.csproj", "{A6F7F79A-E0CA-428B-BE0A-1BB991E0EAA6}"
EndProject
Project("{FAE04EC0-301F-11D3-BF4B-00C04F79EFBC}") = "Infra", "Infra\Infra.csproj", "{AFDD2346-76FF-4281-8E90-ED0825BB89A8}"
EndProject
Project("{2150E333-8FDC-42A3-9474-1A3956D46DE8}") = "Tests", "Tests", "{1BD7FE66-25DF-4379-AB88-7179E943B051}"
EndProject
Project("{FAE04EC0-301F-11D3-BF4B-00C04F79EFBC}") = "UnitTests", "UnitTests\UnitTests.csproj", "{F12B88E1-B068-474C-B597-A7B4A2C5A713}"
EndProject
Global
	GlobalSection(SolutionConfigurationPlatforms) = preSolution
		Debug|Any CPU = Debug|Any CPU
		Release|Any CPU = Release|Any CPU
	EndGlobalSection
	GlobalSection(ProjectConfigurationPlatforms) = postSolution
		{73977FFA-181B-4DD5-AE5E-3E387D9DF840}.Debug|Any CPU.ActiveCfg = Debug|Any CPU
		{73977FFA-181B-4DD5-AE5E-3E387D9DF840}.Debug|Any CPU.Build.0 = Debug|Any CPU
		{73977FFA-181B-4DD5-AE5E-3E387D9DF840}.Release|Any CPU.ActiveCfg = Release|Any CPU
		{73977FFA-181B-4DD5-AE5E-3E387D9DF840}.Release|Any CPU.Build.0 = Release|Any CPU
		{DE273411-6293-4973-AD2A-D99F8F95295E}.Debug|Any CPU.ActiveCfg = Debug|Any CPU
		{DE273411-6293-4973-AD2A-D99F8F95295E}.Debug|Any CPU.Build.0 = Debug|Any CPU
		{DE273411-6293-4973-AD2A-D99F8F95295E}.Release|Any CPU.ActiveCfg = Release|Any CPU
		{DE273411-6293-4973-AD2A-D99F8F95295E}.Release|Any CPU.Build.0 = Release|Any CPU
		{8C26D998-9CEE-44A3-99D2-87C5B851696E}.Debug|Any CPU.ActiveCfg = Debug|Any CPU
		{8C26D998-9CEE-44A3-99D2-87C5B851696E}.Debug|Any CPU.Build.0 = Debug|Any CPU
		{8C26D998-9CEE-44A3-99D2-87C5B851696E}.Release|Any CPU.ActiveCfg = Release|Any CPU
		{8C26D998-9CEE-44A3-99D2-87C5B851696E}.Release|Any CPU.Build.0 = Release|Any CPU
		{A6F7F79A-E0CA-428B-BE0A-1BB991E0EAA6}.Debug|Any CPU.ActiveCfg = Debug|Any CPU
		{A6F7F79A-E0CA-428B-BE0A-1BB991E0EAA6}.Debug|Any CPU.Build.0 = Debug|Any CPU
		{A6F7F79A-E0CA-428B-BE0A-1BB991E0EAA6}.Release|Any CPU.ActiveCfg = Release|Any CPU
		{A6F7F79A-E0CA-428B-BE0A-1BB991E0EAA6}.Release|Any CPU.Build.0 = Release|Any CPU
		{AFDD2346-76FF-4281-8E90-ED0825BB89A8}.Debug|Any CPU.ActiveCfg = Debug|Any CPU
		{AFDD2346-76FF-4281-8E90-ED0825BB89A8}.Debug|Any CPU.Build.0 = Debug|Any CPU
		{AFDD2346-76FF-4281-8E90-ED0825BB89A8}.Release|Any CPU.ActiveCfg = Release|Any CPU
		{AFDD2346-76FF-4281-8E90-ED0825BB89A8}.Release|Any CPU.Build.0 = Release|Any CPU
		{F12B88E1-B068-474C-B597-A7B4A2C5A713}.Debug|Any CPU.ActiveCfg = Debug|Any CPU
		{F12B88E1-B068-474C-B597-A7B4A2C5A713}.Debug|Any CPU.Build.0 = Debug|Any CPU
		{F12B88E1-B068-474C-B597-A7B4A2C5A713}.Release|Any CPU.ActiveCfg = Release|Any CPU
		{F12B88E1-B068-474C-B597-A7B4A2C5A713}.Release|Any CPU.Build.0 = Release|Any CPU
	EndGlobalSection
	GlobalSection(SolutionProperties) = preSolution
		HideSolutionNode = FALSE
	EndGlobalSection
	GlobalSection(NestedProjects) = preSolution
		{F12B88E1-B068-474C-B597-A7B4A2C5A713} = {1BD7FE66-25DF-4379-AB88-7179E943B051}
	EndGlobalSection
	GlobalSection(ExtensibilityGlobals) = postSolution
		SolutionGuid = {55404728-C813-40CC-B207-2E9A9AD5077F}
	EndGlobalSection
EndGlobal
